
Microsoft Visual Studio Solution File, Format Version 12.00
# Visual Studio Version 16
VisualStudioVersion = 16.0.31729.503
MinimumVisualStudioVersion = 10.0.40219.1
Project("{FAE04EC0-301F-11D3-BF4B-00C04F79EFBC}") = "TaskManager", "TaskManager.csproj", "{074A72E8-F84C-4ED7-921A-CB8412115715}"
EndProject
Global
	GlobalSection(SolutionConfigurationPlatforms) = preSolution
		Debug|Any CPU = Debug|Any CPU
		Release|Any CPU = Release|Any CPU
	EndGlobalSection
	GlobalSection(ProjectConfigurationPlatforms) = postSolution
		{074A72E8-F84C-4ED7-921A-CB8412115715}.Debug|Any CPU.ActiveCfg = Debug|Any CPU
		{074A72E8-F84C-4ED7-921A-CB8412115715}.Debug|Any CPU.Build.0 = Debug|Any CPU
		{074A72E8-F84C-4ED7-921A-CB8412115715}.Release|Any CPU.ActiveCfg = Release|Any CPU
		{074A72E8-F84C-4ED7-921A-CB8412115715}.Release|Any CPU.Build.0 = Release|Any CPU
	EndGlobalSection
	GlobalSection(SolutionProperties) = preSolution
		HideSolutionNode = FALSE
	EndGlobalSection
	GlobalSection(ExtensibilityGlobals) = postSolution
		SolutionGuid = {363158F5-C79F-4AC6-96AF-0A82668ADC6E}
	EndGlobalSection
EndGlobal
